// !$*UTF8*$!
{
	archiveVersion = 1;
	classes = {
	};
	objectVersion = 51;
	objects = {

/* Begin PBXBuildFile section */
		04CEE4FB752BEC70154CD130 /* Pods_Flix_FlixUITests.framework in Frameworks */ = {isa = PBXBuildFile; fileRef = D14503FE689AC6CA6FF29719 /* Pods_Flix_FlixUITests.framework */; };
		38349AF0AE5AEB590CC5A2BE /* Pods_FlixTests.framework in Frameworks */ = {isa = PBXBuildFile; fileRef = 2467E53F4A1DBB65B17A3E2D /* Pods_FlixTests.framework */; };
		7F21D666A0524592D95E3ECE /* Pods_Flix.framework in Frameworks */ = {isa = PBXBuildFile; fileRef = F13C2F75CF756663E2675900 /* Pods_Flix.framework */; };
		C57FDC1523DE58EB008CD151 /* MovieDetailsViewController.swift in Sources */ = {isa = PBXBuildFile; fileRef = C57FDC1423DE58EB008CD151 /* MovieDetailsViewController.swift */; };
		C57FDC1723DE6EF4008CD151 /* MovieGridViewController.swift in Sources */ = {isa = PBXBuildFile; fileRef = C57FDC1623DE6EF4008CD151 /* MovieGridViewController.swift */; };
		C5BBC9DD23D42EB5002557D6 /* AppDelegate.swift in Sources */ = {isa = PBXBuildFile; fileRef = C5BBC9DC23D42EB5002557D6 /* AppDelegate.swift */; };
		C5BBC9DF23D42EB5002557D6 /* SceneDelegate.swift in Sources */ = {isa = PBXBuildFile; fileRef = C5BBC9DE23D42EB5002557D6 /* SceneDelegate.swift */; };
		C5BBC9E423D42EB5002557D6 /* Main.storyboard in Resources */ = {isa = PBXBuildFile; fileRef = C5BBC9E223D42EB5002557D6 /* Main.storyboard */; };
		C5BBC9E623D42EB7002557D6 /* Assets.xcassets in Resources */ = {isa = PBXBuildFile; fileRef = C5BBC9E523D42EB7002557D6 /* Assets.xcassets */; };
		C5BBC9E923D42EB7002557D6 /* LaunchScreen.storyboard in Resources */ = {isa = PBXBuildFile; fileRef = C5BBC9E723D42EB7002557D6 /* LaunchScreen.storyboard */; };
		C5BBC9F423D42EB7002557D6 /* FlixTests.swift in Sources */ = {isa = PBXBuildFile; fileRef = C5BBC9F323D42EB7002557D6 /* FlixTests.swift */; };
		C5BBC9FF23D42EB7002557D6 /* FlixUITests.swift in Sources */ = {isa = PBXBuildFile; fileRef = C5BBC9FE23D42EB7002557D6 /* FlixUITests.swift */; };
		C5BBCA0D23D430E5002557D6 /* MoviesViewController.swift in Sources */ = {isa = PBXBuildFile; fileRef = C5BBCA0C23D430E5002557D6 /* MoviesViewController.swift */; };
		C5BBCA0F23D4F64D002557D6 /* MovieCell.swift in Sources */ = {isa = PBXBuildFile; fileRef = C5BBCA0E23D4F64D002557D6 /* MovieCell.swift */; };
/* End PBXBuildFile section */

/* Begin PBXContainerItemProxy section */
		C5BBC9F023D42EB7002557D6 /* PBXContainerItemProxy */ = {
			isa = PBXContainerItemProxy;
			containerPortal = C5BBC9D123D42EB5002557D6 /* Project object */;
			proxyType = 1;
			remoteGlobalIDString = C5BBC9D823D42EB5002557D6;
			remoteInfo = Flix;
		};
		C5BBC9FB23D42EB7002557D6 /* PBXContainerItemProxy */ = {
			isa = PBXContainerItemProxy;
			containerPortal = C5BBC9D123D42EB5002557D6 /* Project object */;
			proxyType = 1;
			remoteGlobalIDString = C5BBC9D823D42EB5002557D6;
			remoteInfo = Flix;
		};
/* End PBXContainerItemProxy section */

/* Begin PBXFileReference section */
		2467E53F4A1DBB65B17A3E2D /* Pods_FlixTests.framework */ = {isa = PBXFileReference; explicitFileType = wrapper.framework; includeInIndex = 0; path = Pods_FlixTests.framework; sourceTree = BUILT_PRODUCTS_DIR; };
		27FB47E15B206C30247FE149 /* Pods-Flix.debug.xcconfig */ = {isa = PBXFileReference; includeInIndex = 1; lastKnownFileType = text.xcconfig; name = "Pods-Flix.debug.xcconfig"; path = "Target Support Files/Pods-Flix/Pods-Flix.debug.xcconfig"; sourceTree = "<group>"; };
		5343E6C98E422BAAD9F27A00 /* Pods-Flix-FlixUITests.release.xcconfig */ = {isa = PBXFileReference; includeInIndex = 1; lastKnownFileType = text.xcconfig; name = "Pods-Flix-FlixUITests.release.xcconfig"; path = "Target Support Files/Pods-Flix-FlixUITests/Pods-Flix-FlixUITests.release.xcconfig"; sourceTree = "<group>"; };
		8D9BD3064BE31E60AD273B00 /* Pods-Flix.release.xcconfig */ = {isa = PBXFileReference; includeInIndex = 1; lastKnownFileType = text.xcconfig; name = "Pods-Flix.release.xcconfig"; path = "Target Support Files/Pods-Flix/Pods-Flix.release.xcconfig"; sourceTree = "<group>"; };
		9BFE30773901B418A80A29C1 /* Pods-FlixTests.release.xcconfig */ = {isa = PBXFileReference; includeInIndex = 1; lastKnownFileType = text.xcconfig; name = "Pods-FlixTests.release.xcconfig"; path = "Target Support Files/Pods-FlixTests/Pods-FlixTests.release.xcconfig"; sourceTree = "<group>"; };
		C4F2F586B2ABF59F8401F27B /* Pods-Flix-FlixUITests.debug.xcconfig */ = {isa = PBXFileReference; includeInIndex = 1; lastKnownFileType = text.xcconfig; name = "Pods-Flix-FlixUITests.debug.xcconfig"; path = "Target Support Files/Pods-Flix-FlixUITests/Pods-Flix-FlixUITests.debug.xcconfig"; sourceTree = "<group>"; };
		C57FDC1423DE58EB008CD151 /* MovieDetailsViewController.swift */ = {isa = PBXFileReference; lastKnownFileType = sourcecode.swift; path = MovieDetailsViewController.swift; sourceTree = "<group>"; };
		C57FDC1623DE6EF4008CD151 /* MovieGridViewController.swift */ = {isa = PBXFileReference; lastKnownFileType = sourcecode.swift; path = MovieGridViewController.swift; sourceTree = "<group>"; };
		C5BBC9D923D42EB5002557D6 /* Flix.app */ = {isa = PBXFileReference; explicitFileType = wrapper.application; includeInIndex = 0; path = Flix.app; sourceTree = BUILT_PRODUCTS_DIR; };
		C5BBC9DC23D42EB5002557D6 /* AppDelegate.swift */ = {isa = PBXFileReference; lastKnownFileType = sourcecode.swift; path = AppDelegate.swift; sourceTree = "<group>"; };
		C5BBC9DE23D42EB5002557D6 /* SceneDelegate.swift */ = {isa = PBXFileReference; lastKnownFileType = sourcecode.swift; path = SceneDelegate.swift; sourceTree = "<group>"; };
		C5BBC9E323D42EB5002557D6 /* Base */ = {isa = PBXFileReference; lastKnownFileType = file.storyboard; name = Base; path = Base.lproj/Main.storyboard; sourceTree = "<group>"; };
		C5BBC9E523D42EB7002557D6 /* Assets.xcassets */ = {isa = PBXFileReference; lastKnownFileType = folder.assetcatalog; path = Assets.xcassets; sourceTree = "<group>"; };
		C5BBC9E823D42EB7002557D6 /* Base */ = {isa = PBXFileReference; lastKnownFileType = file.storyboard; name = Base; path = Base.lproj/LaunchScreen.storyboard; sourceTree = "<group>"; };
		C5BBC9EA23D42EB7002557D6 /* Info.plist */ = {isa = PBXFileReference; lastKnownFileType = text.plist.xml; path = Info.plist; sourceTree = "<group>"; };
		C5BBC9EF23D42EB7002557D6 /* FlixTests.xctest */ = {isa = PBXFileReference; explicitFileType = wrapper.cfbundle; includeInIndex = 0; path = FlixTests.xctest; sourceTree = BUILT_PRODUCTS_DIR; };
		C5BBC9F323D42EB7002557D6 /* FlixTests.swift */ = {isa = PBXFileReference; lastKnownFileType = sourcecode.swift; path = FlixTests.swift; sourceTree = "<group>"; };
		C5BBC9F523D42EB7002557D6 /* Info.plist */ = {isa = PBXFileReference; lastKnownFileType = text.plist.xml; path = Info.plist; sourceTree = "<group>"; };
		C5BBC9FA23D42EB7002557D6 /* FlixUITests.xctest */ = {isa = PBXFileReference; explicitFileType = wrapper.cfbundle; includeInIndex = 0; path = FlixUITests.xctest; sourceTree = BUILT_PRODUCTS_DIR; };
		C5BBC9FE23D42EB7002557D6 /* FlixUITests.swift */ = {isa = PBXFileReference; lastKnownFileType = sourcecode.swift; path = FlixUITests.swift; sourceTree = "<group>"; };
		C5BBCA0023D42EB7002557D6 /* Info.plist */ = {isa = PBXFileReference; lastKnownFileType = text.plist.xml; path = Info.plist; sourceTree = "<group>"; };
		C5BBCA0C23D430E5002557D6 /* MoviesViewController.swift */ = {isa = PBXFileReference; lastKnownFileType = sourcecode.swift; path = MoviesViewController.swift; sourceTree = "<group>"; };
		C5BBCA0E23D4F64D002557D6 /* MovieCell.swift */ = {isa = PBXFileReference; lastKnownFileType = sourcecode.swift; path = MovieCell.swift; sourceTree = "<group>"; };
		D0487EA5C4FA345EFF1D557C /* Pods-FlixTests.debug.xcconfig */ = {isa = PBXFileReference; includeInIndex = 1; lastKnownFileType = text.xcconfig; name = "Pods-FlixTests.debug.xcconfig"; path = "Target Support Files/Pods-FlixTests/Pods-FlixTests.debug.xcconfig"; sourceTree = "<group>"; };
		D14503FE689AC6CA6FF29719 /* Pods_Flix_FlixUITests.framework */ = {isa = PBXFileReference; explicitFileType = wrapper.framework; includeInIndex = 0; path = Pods_Flix_FlixUITests.framework; sourceTree = BUILT_PRODUCTS_DIR; };
		F13C2F75CF756663E2675900 /* Pods_Flix.framework */ = {isa = PBXFileReference; explicitFileType = wrapper.framework; includeInIndex = 0; path = Pods_Flix.framework; sourceTree = BUILT_PRODUCTS_DIR; };
/* End PBXFileReference section */

/* Begin PBXFrameworksBuildPhase section */
		C5BBC9D623D42EB5002557D6 /* Frameworks */ = {
			isa = PBXFrameworksBuildPhase;
			buildActionMask = 2147483647;
			files = (
				7F21D666A0524592D95E3ECE /* Pods_Flix.framework in Frameworks */,
			);
			runOnlyForDeploymentPostprocessing = 0;
		};
		C5BBC9EC23D42EB7002557D6 /* Frameworks */ = {
			isa = PBXFrameworksBuildPhase;
			buildActionMask = 2147483647;
			files = (
				38349AF0AE5AEB590CC5A2BE /* Pods_FlixTests.framework in Frameworks */,
			);
			runOnlyForDeploymentPostprocessing = 0;
		};
		C5BBC9F723D42EB7002557D6 /* Frameworks */ = {
			isa = PBXFrameworksBuildPhase;
			buildActionMask = 2147483647;
			files = (
				04CEE4FB752BEC70154CD130 /* Pods_Flix_FlixUITests.framework in Frameworks */,
			);
			runOnlyForDeploymentPostprocessing = 0;
		};
/* End PBXFrameworksBuildPhase section */

/* Begin PBXGroup section */
		AA63EF2DD1ED34725A0535AD /* Pods */ = {
			isa = PBXGroup;
			children = (
				27FB47E15B206C30247FE149 /* Pods-Flix.debug.xcconfig */,
				8D9BD3064BE31E60AD273B00 /* Pods-Flix.release.xcconfig */,
				C4F2F586B2ABF59F8401F27B /* Pods-Flix-FlixUITests.debug.xcconfig */,
				5343E6C98E422BAAD9F27A00 /* Pods-Flix-FlixUITests.release.xcconfig */,
				D0487EA5C4FA345EFF1D557C /* Pods-FlixTests.debug.xcconfig */,
				9BFE30773901B418A80A29C1 /* Pods-FlixTests.release.xcconfig */,
			);
			path = Pods;
			sourceTree = "<group>";
		};
		C5BBC9D023D42EB5002557D6 = {
			isa = PBXGroup;
			children = (
				C5BBC9DB23D42EB5002557D6 /* Flix */,
				C5BBC9F223D42EB7002557D6 /* FlixTests */,
				C5BBC9FD23D42EB7002557D6 /* FlixUITests */,
				C5BBC9DA23D42EB5002557D6 /* Products */,
				AA63EF2DD1ED34725A0535AD /* Pods */,
				E7B40B0A573356A47BF92A0F /* Frameworks */,
			);
			sourceTree = "<group>";
		};
		C5BBC9DA23D42EB5002557D6 /* Products */ = {
			isa = PBXGroup;
			children = (
				C5BBC9D923D42EB5002557D6 /* Flix.app */,
				C5BBC9EF23D42EB7002557D6 /* FlixTests.xctest */,
				C5BBC9FA23D42EB7002557D6 /* FlixUITests.xctest */,
			);
			name = Products;
			sourceTree = "<group>";
		};
		C5BBC9DB23D42EB5002557D6 /* Flix */ = {
			isa = PBXGroup;
			children = (
				C5BBC9DC23D42EB5002557D6 /* AppDelegate.swift */,
				C5BBC9DE23D42EB5002557D6 /* SceneDelegate.swift */,
				C5BBC9E223D42EB5002557D6 /* Main.storyboard */,
				C5BBCA0E23D4F64D002557D6 /* MovieCell.swift */,
				C5BBC9E523D42EB7002557D6 /* Assets.xcassets */,
				C5BBC9E723D42EB7002557D6 /* LaunchScreen.storyboard */,
				C5BBC9EA23D42EB7002557D6 /* Info.plist */,
				C5BBCA0C23D430E5002557D6 /* MoviesViewController.swift */,
				C57FDC1423DE58EB008CD151 /* MovieDetailsViewController.swift */,
				C57FDC1623DE6EF4008CD151 /* MovieGridViewController.swift */,
			);
			path = Flix;
			sourceTree = "<group>";
		};
		C5BBC9F223D42EB7002557D6 /* FlixTests */ = {
			isa = PBXGroup;
			children = (
				C5BBC9F323D42EB7002557D6 /* FlixTests.swift */,
				C5BBC9F523D42EB7002557D6 /* Info.plist */,
			);
			path = FlixTests;
			sourceTree = "<group>";
		};
		C5BBC9FD23D42EB7002557D6 /* FlixUITests */ = {
			isa = PBXGroup;
			children = (
				C5BBC9FE23D42EB7002557D6 /* FlixUITests.swift */,
				C5BBCA0023D42EB7002557D6 /* Info.plist */,
			);
			path = FlixUITests;
			sourceTree = "<group>";
		};
		E7B40B0A573356A47BF92A0F /* Frameworks */ = {
			isa = PBXGroup;
			children = (
				F13C2F75CF756663E2675900 /* Pods_Flix.framework */,
				D14503FE689AC6CA6FF29719 /* Pods_Flix_FlixUITests.framework */,
				2467E53F4A1DBB65B17A3E2D /* Pods_FlixTests.framework */,
			);
			name = Frameworks;
			sourceTree = "<group>";
		};
/* End PBXGroup section */

/* Begin PBXNativeTarget section */
		C5BBC9D823D42EB5002557D6 /* Flix */ = {
			isa = PBXNativeTarget;
			buildConfigurationList = C5BBCA0323D42EB7002557D6 /* Build configuration list for PBXNativeTarget "Flix" */;
			buildPhases = (
				005F66BC3009C3EEA7063BB5 /* [CP] Check Pods Manifest.lock */,
				C5BBC9D523D42EB5002557D6 /* Sources */,
				C5BBC9D623D42EB5002557D6 /* Frameworks */,
				C5BBC9D723D42EB5002557D6 /* Resources */,
				2914C31D1A5D7F6642673B77 /* [CP] Embed Pods Frameworks */,
			);
			buildRules = (
			);
			dependencies = (
			);
			name = Flix;
			productName = Flix;
			productReference = C5BBC9D923D42EB5002557D6 /* Flix.app */;
			productType = "com.apple.product-type.application";
		};
		C5BBC9EE23D42EB7002557D6 /* FlixTests */ = {
			isa = PBXNativeTarget;
			buildConfigurationList = C5BBCA0623D42EB7002557D6 /* Build configuration list for PBXNativeTarget "FlixTests" */;
			buildPhases = (
				04376E65168D9CBF2FAE2253 /* [CP] Check Pods Manifest.lock */,
				C5BBC9EB23D42EB7002557D6 /* Sources */,
				C5BBC9EC23D42EB7002557D6 /* Frameworks */,
				C5BBC9ED23D42EB7002557D6 /* Resources */,
			);
			buildRules = (
			);
			dependencies = (
				C5BBC9F123D42EB7002557D6 /* PBXTargetDependency */,
			);
			name = FlixTests;
			productName = FlixTests;
			productReference = C5BBC9EF23D42EB7002557D6 /* FlixTests.xctest */;
			productType = "com.apple.product-type.bundle.unit-test";
		};
		C5BBC9F923D42EB7002557D6 /* FlixUITests */ = {
			isa = PBXNativeTarget;
			buildConfigurationList = C5BBCA0923D42EB7002557D6 /* Build configuration list for PBXNativeTarget "FlixUITests" */;
			buildPhases = (
				FF5744A2CF33E32F500B5E43 /* [CP] Check Pods Manifest.lock */,
				C5BBC9F623D42EB7002557D6 /* Sources */,
				C5BBC9F723D42EB7002557D6 /* Frameworks */,
				C5BBC9F823D42EB7002557D6 /* Resources */,
				6BFBF9B88EC33CD8F8F55FB0 /* [CP] Embed Pods Frameworks */,
			);
			buildRules = (
			);
			dependencies = (
				C5BBC9FC23D42EB7002557D6 /* PBXTargetDependency */,
			);
			name = FlixUITests;
			productName = FlixUITests;
			productReference = C5BBC9FA23D42EB7002557D6 /* FlixUITests.xctest */;
			productType = "com.apple.product-type.bundle.ui-testing";
		};
/* End PBXNativeTarget section */

/* Begin PBXProject section */
		C5BBC9D123D42EB5002557D6 /* Project object */ = {
			isa = PBXProject;
			attributes = {
				LastSwiftUpdateCheck = 1130;
				LastUpgradeCheck = 1130;
				ORGANIZATIONNAME = kaeleylenard;
				TargetAttributes = {
					C5BBC9D823D42EB5002557D6 = {
						CreatedOnToolsVersion = 11.3.1;
					};
					C5BBC9EE23D42EB7002557D6 = {
						CreatedOnToolsVersion = 11.3.1;
						TestTargetID = C5BBC9D823D42EB5002557D6;
					};
					C5BBC9F923D42EB7002557D6 = {
						CreatedOnToolsVersion = 11.3.1;
						TestTargetID = C5BBC9D823D42EB5002557D6;
					};
				};
			};
			buildConfigurationList = C5BBC9D423D42EB5002557D6 /* Build configuration list for PBXProject "Flix" */;
			compatibilityVersion = "Xcode 9.3";
			developmentRegion = en;
			hasScannedForEncodings = 0;
			knownRegions = (
				en,
				Base,
			);
			mainGroup = C5BBC9D023D42EB5002557D6;
			productRefGroup = C5BBC9DA23D42EB5002557D6 /* Products */;
			projectDirPath = "";
			projectRoot = "";
			targets = (
				C5BBC9D823D42EB5002557D6 /* Flix */,
				C5BBC9EE23D42EB7002557D6 /* FlixTests */,
				C5BBC9F923D42EB7002557D6 /* FlixUITests */,
			);
		};
/* End PBXProject section */

/* Begin PBXResourcesBuildPhase section */
		C5BBC9D723D42EB5002557D6 /* Resources */ = {
			isa = PBXResourcesBuildPhase;
			buildActionMask = 2147483647;
			files = (
				C5BBC9E923D42EB7002557D6 /* LaunchScreen.storyboard in Resources */,
				C5BBC9E623D42EB7002557D6 /* Assets.xcassets in Resources */,
				C5BBC9E423D42EB5002557D6 /* Main.storyboard in Resources */,
			);
			runOnlyForDeploymentPostprocessing = 0;
		};
		C5BBC9ED23D42EB7002557D6 /* Resources */ = {
			isa = PBXResourcesBuildPhase;
			buildActionMask = 2147483647;
			files = (
			);
			runOnlyForDeploymentPostprocessing = 0;
		};
		C5BBC9F823D42EB7002557D6 /* Resources */ = {
			isa = PBXResourcesBuildPhase;
			buildActionMask = 2147483647;
			files = (
			);
			runOnlyForDeploymentPostprocessing = 0;
		};
/* End PBXResourcesBuildPhase section */

/* Begin PBXShellScriptBuildPhase section */
		005F66BC3009C3EEA7063BB5 /* [CP] Check Pods Manifest.lock */ = {
			isa = PBXShellScriptBuildPhase;
			buildActionMask = 2147483647;
			files = (
			);
			inputFileListPaths = (
			);
			inputPaths = (
				"${PODS_PODFILE_DIR_PATH}/Podfile.lock",
				"${PODS_ROOT}/Manifest.lock",
			);
			name = "[CP] Check Pods Manifest.lock";
			outputFileListPaths = (
			);
			outputPaths = (
				"$(DERIVED_FILE_DIR)/Pods-Flix-checkManifestLockResult.txt",
			);
			runOnlyForDeploymentPostprocessing = 0;
			shellPath = /bin/sh;
			shellScript = "diff \"${PODS_PODFILE_DIR_PATH}/Podfile.lock\" \"${PODS_ROOT}/Manifest.lock\" > /dev/null\nif [ $? != 0 ] ; then\n    # print error to STDERR\n    echo \"error: The sandbox is not in sync with the Podfile.lock. Run 'pod install' or update your CocoaPods installation.\" >&2\n    exit 1\nfi\n# This output is used by Xcode 'outputs' to avoid re-running this script phase.\necho \"SUCCESS\" > \"${SCRIPT_OUTPUT_FILE_0}\"\n";
			showEnvVarsInLog = 0;
		};
		04376E65168D9CBF2FAE2253 /* [CP] Check Pods Manifest.lock */ = {
			isa = PBXShellScriptBuildPhase;
			buildActionMask = 2147483647;
			files = (
			);
			inputFileListPaths = (
			);
			inputPaths = (
				"${PODS_PODFILE_DIR_PATH}/Podfile.lock",
				"${PODS_ROOT}/Manifest.lock",
			);
			name = "[CP] Check Pods Manifest.lock";
			outputFileListPaths = (
			);
			outputPaths = (
				"$(DERIVED_FILE_DIR)/Pods-FlixTests-checkManifestLockResult.txt",
			);
			runOnlyForDeploymentPostprocessing = 0;
			shellPath = /bin/sh;
			shellScript = "diff \"${PODS_PODFILE_DIR_PATH}/Podfile.lock\" \"${PODS_ROOT}/Manifest.lock\" > /dev/null\nif [ $? != 0 ] ; then\n    # print error to STDERR\n    echo \"error: The sandbox is not in sync with the Podfile.lock. Run 'pod install' or update your CocoaPods installation.\" >&2\n    exit 1\nfi\n# This output is used by Xcode 'outputs' to avoid re-running this script phase.\necho \"SUCCESS\" > \"${SCRIPT_OUTPUT_FILE_0}\"\n";
			showEnvVarsInLog = 0;
		};
		2914C31D1A5D7F6642673B77 /* [CP] Embed Pods Frameworks */ = {
			isa = PBXShellScriptBuildPhase;
			buildActionMask = 2147483647;
			files = (
			);
			inputFileListPaths = (
				"${PODS_ROOT}/Target Support Files/Pods-Flix/Pods-Flix-frameworks-${CONFIGURATION}-input-files.xcfilelist",
			);
			name = "[CP] Embed Pods Frameworks";
			outputFileListPaths = (
				"${PODS_ROOT}/Target Support Files/Pods-Flix/Pods-Flix-frameworks-${CONFIGURATION}-output-files.xcfilelist",
			);
			runOnlyForDeploymentPostprocessing = 0;
			shellPath = /bin/sh;
			shellScript = "\"${PODS_ROOT}/Target Support Files/Pods-Flix/Pods-Flix-frameworks.sh\"\n";
			showEnvVarsInLog = 0;
		};
		6BFBF9B88EC33CD8F8F55FB0 /* [CP] Embed Pods Frameworks */ = {
			isa = PBXShellScriptBuildPhase;
			buildActionMask = 2147483647;
			files = (
			);
			inputFileListPaths = (
				"${PODS_ROOT}/Target Support Files/Pods-Flix-FlixUITests/Pods-Flix-FlixUITests-frameworks-${CONFIGURATION}-input-files.xcfilelist",
			);
			name = "[CP] Embed Pods Frameworks";
			outputFileListPaths = (
				"${PODS_ROOT}/Target Support Files/Pods-Flix-FlixUITests/Pods-Flix-FlixUITests-frameworks-${CONFIGURATION}-output-files.xcfilelist",
			);
			runOnlyForDeploymentPostprocessing = 0;
			shellPath = /bin/sh;
			shellScript = "\"${PODS_ROOT}/Target Support Files/Pods-Flix-FlixUITests/Pods-Flix-FlixUITests-frameworks.sh\"\n";
			showEnvVarsInLog = 0;
		};
		FF5744A2CF33E32F500B5E43 /* [CP] Check Pods Manifest.lock */ = {
			isa = PBXShellScriptBuildPhase;
			buildActionMask = 2147483647;
			files = (
			);
			inputFileListPaths = (
			);
			inputPaths = (
				"${PODS_PODFILE_DIR_PATH}/Podfile.lock",
				"${PODS_ROOT}/Manifest.lock",
			);
			name = "[CP] Check Pods Manifest.lock";
			outputFileListPaths = (
			);
			outputPaths = (
				"$(DERIVED_FILE_DIR)/Pods-Flix-FlixUITests-checkManifestLockResult.txt",
			);
			runOnlyForDeploymentPostprocessing = 0;
			shellPath = /bin/sh;
			shellScript = "diff \"${PODS_PODFILE_DIR_PATH}/Podfile.lock\" \"${PODS_ROOT}/Manifest.lock\" > /dev/null\nif [ $? != 0 ] ; then\n    # print error to STDERR\n    echo \"error: The sandbox is not in sync with the Podfile.lock. Run 'pod install' or update your CocoaPods installation.\" >&2\n    exit 1\nfi\n# This output is used by Xcode 'outputs' to avoid re-running this script phase.\necho \"SUCCESS\" > \"${SCRIPT_OUTPUT_FILE_0}\"\n";
			showEnvVarsInLog = 0;
		};
/* End PBXShellScriptBuildPhase section */

/* Begin PBXSourcesBuildPhase section */
		C5BBC9D523D42EB5002557D6 /* Sources */ = {
			isa = PBXSourcesBuildPhase;
			buildActionMask = 2147483647;
			files = (
				C57FDC1523DE58EB008CD151 /* MovieDetailsViewController.swift in Sources */,
				C5BBC9DD23D42EB5002557D6 /* AppDelegate.swift in Sources */,
				C5BBC9DF23D42EB5002557D6 /* SceneDelegate.swift in Sources */,
				C5BBCA0F23D4F64D002557D6 /* MovieCell.swift in Sources */,
				C5BBCA0D23D430E5002557D6 /* MoviesViewController.swift in Sources */,
				C57FDC1723DE6EF4008CD151 /* MovieGridViewController.swift in Sources */,
			);
			runOnlyForDeploymentPostprocessing = 0;
		};
		C5BBC9EB23D42EB7002557D6 /* Sources */ = {
			isa = PBXSourcesBuildPhase;
			buildActionMask = 2147483647;
			files = (
				C5BBC9F423D42EB7002557D6 /* FlixTests.swift in Sources */,
			);
			runOnlyForDeploymentPostprocessing = 0;
		};
		C5BBC9F623D42EB7002557D6 /* Sources */ = {
			isa = PBXSourcesBuildPhase;
			buildActionMask = 2147483647;
			files = (
				C5BBC9FF23D42EB7002557D6 /* FlixUITests.swift in Sources */,
			);
			runOnlyForDeploymentPostprocessing = 0;
		};
/* End PBXSourcesBuildPhase section */

/* Begin PBXTargetDependency section */
		C5BBC9F123D42EB7002557D6 /* PBXTargetDependency */ = {
			isa = PBXTargetDependency;
			target = C5BBC9D823D42EB5002557D6 /* Flix */;
			targetProxy = C5BBC9F023D42EB7002557D6 /* PBXContainerItemProxy */;
		};
		C5BBC9FC23D42EB7002557D6 /* PBXTargetDependency */ = {
			isa = PBXTargetDependency;
			target = C5BBC9D823D42EB5002557D6 /* Flix */;
			targetProxy = C5BBC9FB23D42EB7002557D6 /* PBXContainerItemProxy */;
		};
/* End PBXTargetDependency section */

/* Begin PBXVariantGroup section */
		C5BBC9E223D42EB5002557D6 /* Main.storyboard */ = {
			isa = PBXVariantGroup;
			children = (
				C5BBC9E323D42EB5002557D6 /* Base */,
			);
			name = Main.storyboard;
			sourceTree = "<group>";
		};
		C5BBC9E723D42EB7002557D6 /* LaunchScreen.storyboard */ = {
			isa = PBXVariantGroup;
			children = (
				C5BBC9E823D42EB7002557D6 /* Base */,
			);
			name = LaunchScreen.storyboard;
			sourceTree = "<group>";
		};
/* End PBXVariantGroup section */

/* Begin XCBuildConfiguration section */
		C5BBCA0123D42EB7002557D6 /* Debug */ = {
			isa = XCBuildConfiguration;
			buildSettings = {
				ALWAYS_SEARCH_USER_PATHS = NO;
				CLANG_ANALYZER_NONNULL = YES;
				CLANG_ANALYZER_NUMBER_OBJECT_CONVERSION = YES_AGGRESSIVE;
				CLANG_CXX_LANGUAGE_STANDARD = "gnu++14";
				CLANG_CXX_LIBRARY = "libc++";
				CLANG_ENABLE_MODULES = YES;
				CLANG_ENABLE_OBJC_ARC = YES;
				CLANG_ENABLE_OBJC_WEAK = YES;
				CLANG_WARN_BLOCK_CAPTURE_AUTORELEASING = YES;
				CLANG_WARN_BOOL_CONVERSION = YES;
				CLANG_WARN_COMMA = YES;
				CLANG_WARN_CONSTANT_CONVERSION = YES;
				CLANG_WARN_DEPRECATED_OBJC_IMPLEMENTATIONS = YES;
				CLANG_WARN_DIRECT_OBJC_ISA_USAGE = YES_ERROR;
				CLANG_WARN_DOCUMENTATION_COMMENTS = YES;
				CLANG_WARN_EMPTY_BODY = YES;
				CLANG_WARN_ENUM_CONVERSION = YES;
				CLANG_WARN_INFINITE_RECURSION = YES;
				CLANG_WARN_INT_CONVERSION = YES;
				CLANG_WARN_NON_LITERAL_NULL_CONVERSION = YES;
				CLANG_WARN_OBJC_IMPLICIT_RETAIN_SELF = YES;
				CLANG_WARN_OBJC_LITERAL_CONVERSION = YES;
				CLANG_WARN_OBJC_ROOT_CLASS = YES_ERROR;
				CLANG_WARN_RANGE_LOOP_ANALYSIS = YES;
				CLANG_WARN_STRICT_PROTOTYPES = YES;
				CLANG_WARN_SUSPICIOUS_MOVE = YES;
				CLANG_WARN_UNGUARDED_AVAILABILITY = YES_AGGRESSIVE;
				CLANG_WARN_UNREACHABLE_CODE = YES;
				CLANG_WARN__DUPLICATE_METHOD_MATCH = YES;
				COPY_PHASE_STRIP = NO;
				DEBUG_INFORMATION_FORMAT = dwarf;
				ENABLE_STRICT_OBJC_MSGSEND = YES;
				ENABLE_TESTABILITY = YES;
				GCC_C_LANGUAGE_STANDARD = gnu11;
				GCC_DYNAMIC_NO_PIC = NO;
				GCC_NO_COMMON_BLOCKS = YES;
				GCC_OPTIMIZATION_LEVEL = 0;
				GCC_PREPROCESSOR_DEFINITIONS = (
					"DEBUG=1",
					"$(inherited)",
				);
				GCC_WARN_64_TO_32_BIT_CONVERSION = YES;
				GCC_WARN_ABOUT_RETURN_TYPE = YES_ERROR;
				GCC_WARN_UNDECLARED_SELECTOR = YES;
				GCC_WARN_UNINITIALIZED_AUTOS = YES_AGGRESSIVE;
				GCC_WARN_UNUSED_FUNCTION = YES;
				GCC_WARN_UNUSED_VARIABLE = YES;
				IPHONEOS_DEPLOYMENT_TARGET = 13.2;
				MTL_ENABLE_DEBUG_INFO = INCLUDE_SOURCE;
				MTL_FAST_MATH = YES;
				ONLY_ACTIVE_ARCH = YES;
				SDKROOT = iphoneos;
				SWIFT_ACTIVE_COMPILATION_CONDITIONS = DEBUG;
				SWIFT_OPTIMIZATION_LEVEL = "-Onone";
			};
			name = Debug;
		};
		C5BBCA0223D42EB7002557D6 /* Release */ = {
			isa = XCBuildConfiguration;
			buildSettings = {
				ALWAYS_SEARCH_USER_PATHS = NO;
				CLANG_ANALYZER_NONNULL = YES;
				CLANG_ANALYZER_NUMBER_OBJECT_CONVERSION = YES_AGGRESSIVE;
				CLANG_CXX_LANGUAGE_STANDARD = "gnu++14";
				CLANG_CXX_LIBRARY = "libc++";
				CLANG_ENABLE_MODULES = YES;
				CLANG_ENABLE_OBJC_ARC = YES;
				CLANG_ENABLE_OBJC_WEAK = YES;
				CLANG_WARN_BLOCK_CAPTURE_AUTORELEASING = YES;
				CLANG_WARN_BOOL_CONVERSION = YES;
				CLANG_WARN_COMMA = YES;
				CLANG_WARN_CONSTANT_CONVERSION = YES;
				CLANG_WARN_DEPRECATED_OBJC_IMPLEMENTATIONS = YES;
				CLANG_WARN_DIRECT_OBJC_ISA_USAGE = YES_ERROR;
				CLANG_WARN_DOCUMENTATION_COMMENTS = YES;
				CLANG_WARN_EMPTY_BODY = YES;
				CLANG_WARN_ENUM_CONVERSION = YES;
				CLANG_WARN_INFINITE_RECURSION = YES;
				CLANG_WARN_INT_CONVERSION = YES;
				CLANG_WARN_NON_LITERAL_NULL_CONVERSION = YES;
				CLANG_WARN_OBJC_IMPLICIT_RETAIN_SELF = YES;
				CLANG_WARN_OBJC_LITERAL_CONVERSION = YES;
				CLANG_WARN_OBJC_ROOT_CLASS = YES_ERROR;
				CLANG_WARN_RANGE_LOOP_ANALYSIS = YES;
				CLANG_WARN_STRICT_PROTOTYPES = YES;
				CLANG_WARN_SUSPICIOUS_MOVE = YES;
				CLANG_WARN_UNGUARDED_AVAILABILITY = YES_AGGRESSIVE;
				CLANG_WARN_UNREACHABLE_CODE = YES;
				CLANG_WARN__DUPLICATE_METHOD_MATCH = YES;
				COPY_PHASE_STRIP = NO;
				DEBUG_INFORMATION_FORMAT = "dwarf-with-dsym";
				ENABLE_NS_ASSERTIONS = NO;
				ENABLE_STRICT_OBJC_MSGSEND = YES;
				GCC_C_LANGUAGE_STANDARD = gnu11;
				GCC_NO_COMMON_BLOCKS = YES;
				GCC_WARN_64_TO_32_BIT_CONVERSION = YES;
				GCC_WARN_ABOUT_RETURN_TYPE = YES_ERROR;
				GCC_WARN_UNDECLARED_SELECTOR = YES;
				GCC_WARN_UNINITIALIZED_AUTOS = YES_AGGRESSIVE;
				GCC_WARN_UNUSED_FUNCTION = YES;
				GCC_WARN_UNUSED_VARIABLE = YES;
				IPHONEOS_DEPLOYMENT_TARGET = 13.2;
				MTL_ENABLE_DEBUG_INFO = NO;
				MTL_FAST_MATH = YES;
				SDKROOT = iphoneos;
				SWIFT_COMPILATION_MODE = wholemodule;
				SWIFT_OPTIMIZATION_LEVEL = "-O";
				VALIDATE_PRODUCT = YES;
			};
			name = Release;
		};
		C5BBCA0423D42EB7002557D6 /* Debug */ = {
			isa = XCBuildConfiguration;
			baseConfigurationReference = 27FB47E15B206C30247FE149 /* Pods-Flix.debug.xcconfig */;
			buildSettings = {
				ASSETCATALOG_COMPILER_APPICON_NAME = AppIcon;
				CODE_SIGN_STYLE = Automatic;
				DEVELOPMENT_TEAM = 27HVS6S6PM;
				INFOPLIST_FILE = Flix/Info.plist;
				LD_RUNPATH_SEARCH_PATHS = (
					"$(inherited)",
					"@executable_path/Frameworks",
				);
				PRODUCT_BUNDLE_IDENTIFIER = com.lenardk.Flix;
				PRODUCT_NAME = "$(TARGET_NAME)";
				SWIFT_VERSION = 5.0;
				TARGETED_DEVICE_FAMILY = "1,2";
			};
			name = Debug;
		};
		C5BBCA0523D42EB7002557D6 /* Release */ = {
			isa = XCBuildConfiguration;
			baseConfigurationReference = 8D9BD3064BE31E60AD273B00 /* Pods-Flix.release.xcconfig */;
			buildSettings = {
				ASSETCATALOG_COMPILER_APPICON_NAME = AppIcon;
				CODE_SIGN_STYLE = Automatic;
				DEVELOPMENT_TEAM = 27HVS6S6PM;
				INFOPLIST_FILE = Flix/Info.plist;
				LD_RUNPATH_SEARCH_PATHS = (
					"$(inherited)",
					"@executable_path/Frameworks",
				);
				PRODUCT_BUNDLE_IDENTIFIER = com.lenardk.Flix;
				PRODUCT_NAME = "$(TARGET_NAME)";
				SWIFT_VERSION = 5.0;
				TARGETED_DEVICE_FAMILY = "1,2";
			};
			name = Release;
		};
		C5BBCA0723D42EB7002557D6 /* Debug */ = {
			isa = XCBuildConfiguration;
			baseConfigurationReference = D0487EA5C4FA345EFF1D557C /* Pods-FlixTests.debug.xcconfig */;
			buildSettings = {
				ALWAYS_EMBED_SWIFT_STANDARD_LIBRARIES = YES;
				BUNDLE_LOADER = "$(TEST_HOST)";
				CODE_SIGN_STYLE = Automatic;
				INFOPLIST_FILE = FlixTests/Info.plist;
				IPHONEOS_DEPLOYMENT_TARGET = 13.2;
				LD_RUNPATH_SEARCH_PATHS = (
					"$(inherited)",
					"@executable_path/Frameworks",
					"@loader_path/Frameworks",
				);
				PRODUCT_BUNDLE_IDENTIFIER = com.lenardk.FlixTests;
				PRODUCT_NAME = "$(TARGET_NAME)";
				SWIFT_VERSION = 5.0;
				TARGETED_DEVICE_FAMILY = "1,2";
				TEST_HOST = "$(BUILT_PRODUCTS_DIR)/Flix.app/Flix";
			};
			name = Debug;
		};
		C5BBCA0823D42EB7002557D6 /* Release */ = {
			isa = XCBuildConfiguration;
			baseConfigurationReference = 9BFE30773901B418A80A29C1 /* Pods-FlixTests.release.xcconfig */;
			buildSettings = {
				ALWAYS_EMBED_SWIFT_STANDARD_LIBRARIES = YES;
				BUNDLE_LOADER = "$(TEST_HOST)";
				CODE_SIGN_STYLE = Automatic;
				INFOPLIST_FILE = FlixTests/Info.plist;
				IPHONEOS_DEPLOYMENT_TARGET = 13.2;
				LD_RUNPATH_SEARCH_PATHS = (
					"$(inherited)",
					"@executable_path/Frameworks",
					"@loader_path/Frameworks",
				);
				PRODUCT_BUNDLE_IDENTIFIER = com.lenardk.FlixTests;
				PRODUCT_NAME = "$(TARGET_NAME)";
				SWIFT_VERSION = 5.0;
				TARGETED_DEVICE_FAMILY = "1,2";
				TEST_HOST = "$(BUILT_PRODUCTS_DIR)/Flix.app/Flix";
			};
			name = Release;
		};
		C5BBCA0A23D42EB7002557D6 /* Debug */ = {
			isa = XCBuildConfiguration;
			baseConfigurationReference = C4F2F586B2ABF59F8401F27B /* Pods-Flix-FlixUITests.debug.xcconfig */;
			buildSettings = {
				ALWAYS_EMBED_SWIFT_STANDARD_LIBRARIES = YES;
				CODE_SIGN_STYLE = Automatic;
				INFOPLIST_FILE = FlixUITests/Info.plist;
				LD_RUNPATH_SEARCH_PATHS = (
					"$(inherited)",
					"@executable_path/Frameworks",
					"@loader_path/Frameworks",
				);
				PRODUCT_BUNDLE_IDENTIFIER = com.lenardk.FlixUITests;
				PRODUCT_NAME = "$(TARGET_NAME)";
				SWIFT_VERSION = 5.0;
				TARGETED_DEVICE_FAMILY = "1,2";
				TEST_TARGET_NAME = Flix;
			};
			name = Debug;
		};
		C5BBCA0B23D42EB7002557D6 /* Release */ = {
			isa = XCBuildConfiguration;
			baseConfigurationReference = 5343E6C98E422BAAD9F27A00 /* Pods-Flix-FlixUITests.release.xcconfig */;
			buildSettings = {
				ALWAYS_EMBED_SWIFT_STANDARD_LIBRARIES = YES;
				CODE_SIGN_STYLE = Automatic;
				INFOPLIST_FILE = FlixUITests/Info.plist;
				LD_RUNPATH_SEARCH_PATHS = (
					"$(inherited)",
					"@executable_path/Frameworks",
					"@loader_path/Frameworks",
				);
				PRODUCT_BUNDLE_IDENTIFIER = com.lenardk.FlixUITests;
				PRODUCT_NAME = "$(TARGET_NAME)";
				SWIFT_VERSION = 5.0;
				TARGETED_DEVICE_FAMILY = "1,2";
				TEST_TARGET_NAME = Flix;
			};
			name = Release;
		};
/* End XCBuildConfiguration section */

/* Begin XCConfigurationList section */
		C5BBC9D423D42EB5002557D6 /* Build configuration list for PBXProject "Flix" */ = {
			isa = XCConfigurationList;
			buildConfigurations = (
				C5BBCA0123D42EB7002557D6 /* Debug */,
				C5BBCA0223D42EB7002557D6 /* Release */,
			);
			defaultConfigurationIsVisible = 0;
			defaultConfigurationName = Release;
		};
		C5BBCA0323D42EB7002557D6 /* Build configuration list for PBXNativeTarget "Flix" */ = {
			isa = XCConfigurationList;
			buildConfigurations = (
				C5BBCA0423D42EB7002557D6 /* Debug */,
				C5BBCA0523D42EB7002557D6 /* Release */,
			);
			defaultConfigurationIsVisible = 0;
			defaultConfigurationName = Release;
		};
		C5BBCA0623D42EB7002557D6 /* Build configuration list for PBXNativeTarget "FlixTests" */ = {
			isa = XCConfigurationList;
			buildConfigurations = (
				C5BBCA0723D42EB7002557D6 /* Debug */,
				C5BBCA0823D42EB7002557D6 /* Release */,
			);
			defaultConfigurationIsVisible = 0;
			defaultConfigurationName = Release;
		};
		C5BBCA0923D42EB7002557D6 /* Build configuration list for PBXNativeTarget "FlixUITests" */ = {
			isa = XCConfigurationList;
			buildConfigurations = (
				C5BBCA0A23D42EB7002557D6 /* Debug */,
				C5BBCA0B23D42EB7002557D6 /* Release */,
			);
			defaultConfigurationIsVisible = 0;
			defaultConfigurationName = Release;
		};
/* End XCConfigurationList section */
	};
	rootObject = C5BBC9D123D42EB5002557D6 /* Project object */;
}
